
Microsoft Visual Studio Solution File, Format Version 12.00
# Visual Studio 15
VisualStudioVersion = 15.0.27130.2010
MinimumVisualStudioVersion = 10.0.40219.1
Project("{FAE04EC0-301F-11D3-BF4B-00C04F79EFBC}") = "Unosquare.BugTracker", "Unosquare.BugTracker\Unosquare.BugTracker.csproj", "{D5710DC0-6B3B-41A2-8F86-3F0E00066761}"
EndProject
Project("{FAE04EC0-301F-11D3-BF4B-00C04F79EFBC}") = "Unosquare.BugTracker.Windows", "Unosquare.BugTracker.Windows\Unosquare.BugTracker.Windows.csproj", "{00A7DA29-8BA6-4F54-A475-CAFBEFFA28E1}"
EndProject
Global
	GlobalSection(SolutionConfigurationPlatforms) = preSolution
		Debug|Any CPU = Debug|Any CPU
		Release|Any CPU = Release|Any CPU
	EndGlobalSection
	GlobalSection(ProjectConfigurationPlatforms) = postSolution
		{D5710DC0-6B3B-41A2-8F86-3F0E00066761}.Debug|Any CPU.ActiveCfg = Debug|Any CPU
		{D5710DC0-6B3B-41A2-8F86-3F0E00066761}.Debug|Any CPU.Build.0 = Debug|Any CPU
		{D5710DC0-6B3B-41A2-8F86-3F0E00066761}.Release|Any CPU.ActiveCfg = Release|Any CPU
		{D5710DC0-6B3B-41A2-8F86-3F0E00066761}.Release|Any CPU.Build.0 = Release|Any CPU
		{00A7DA29-8BA6-4F54-A475-CAFBEFFA28E1}.Debug|Any CPU.ActiveCfg = Debug|Any CPU
		{00A7DA29-8BA6-4F54-A475-CAFBEFFA28E1}.Debug|Any CPU.Build.0 = Debug|Any CPU
		{00A7DA29-8BA6-4F54-A475-CAFBEFFA28E1}.Release|Any CPU.ActiveCfg = Release|Any CPU
		{00A7DA29-8BA6-4F54-A475-CAFBEFFA28E1}.Release|Any CPU.Build.0 = Release|Any CPU
	EndGlobalSection
	GlobalSection(SolutionProperties) = preSolution
		HideSolutionNode = FALSE
	EndGlobalSection
	GlobalSection(ExtensibilityGlobals) = postSolution
		SolutionGuid = {A6D9DBEA-E8F4-421B-8989-2AB84D59A017}
	EndGlobalSection
EndGlobal
